
Microsoft Visual Studio Solution File, Format Version 12.00
# Visual Studio Version 17
VisualStudioVersion = 17.1.32228.430
MinimumVisualStudioVersion = 10.0.40219.1
Project("{FAE04EC0-301F-11D3-BF4B-00C04F79EFBC}") = "Student_operator_overloading", "Student_operator_overloading\Student_operator_overloading.csproj", "{9669B2A3-70A3-4EE8-8103-D81BA16CBCD5}"
EndProject
Global
	GlobalSection(SolutionConfigurationPlatforms) = preSolution
		Debug|Any CPU = Debug|Any CPU
		Release|Any CPU = Release|Any CPU
	EndGlobalSection
	GlobalSection(ProjectConfigurationPlatforms) = postSolution
		{9669B2A3-70A3-4EE8-8103-D81BA16CBCD5}.Debug|Any CPU.ActiveCfg = Debug|Any CPU
		{9669B2A3-70A3-4EE8-8103-D81BA16CBCD5}.Debug|Any CPU.Build.0 = Debug|Any CPU
		{9669B2A3-70A3-4EE8-8103-D81BA16CBCD5}.Release|Any CPU.ActiveCfg = Release|Any CPU
		{9669B2A3-70A3-4EE8-8103-D81BA16CBCD5}.Release|Any CPU.Build.0 = Release|Any CPU
	EndGlobalSection
	GlobalSection(SolutionProperties) = preSolution
		HideSolutionNode = FALSE
	EndGlobalSection
	GlobalSection(ExtensibilityGlobals) = postSolution
		SolutionGuid = {3A12FC57-0466-48CE-B1FB-CEA310A59367}
	EndGlobalSection
EndGlobal
